// !$*UTF8*$!
{
	archiveVersion = 1;
	classes = {
	};
	objectVersion = 51;
	objects = {

/* Begin PBXBuildFile section */
		2CAB698CA4AC43D16EB48F22 /* Pods_Uptify_UptifyUITests.framework in Frameworks */ = {isa = PBXBuildFile; fileRef = 8161CA7E8E9052B9FD9882B1 /* Pods_Uptify_UptifyUITests.framework */; };
		730132C77F9454C279050814 /* Pods_Uptify.framework in Frameworks */ = {isa = PBXBuildFile; fileRef = 34EF4C3D56A1F1D8B265BA1F /* Pods_Uptify.framework */; };
		DD9BA900E7ECD295626170CE /* Pods_UptifyTests.framework in Frameworks */ = {isa = PBXBuildFile; fileRef = 40083C1B11DC3CFF8B7C91D3 /* Pods_UptifyTests.framework */; };
		F60444102786E7E300D60FA4 /* CategoryViewController.swift in Sources */ = {isa = PBXBuildFile; fileRef = F604440F2786E7E300D60FA4 /* CategoryViewController.swift */; };
		F60444142786F88400D60FA4 /* CustomButton.swift in Sources */ = {isa = PBXBuildFile; fileRef = F60444132786F88400D60FA4 /* CustomButton.swift */; };
		F60444162786FAA000D60FA4 /* TimeArtistsViewController.swift in Sources */ = {isa = PBXBuildFile; fileRef = F60444152786FAA000D60FA4 /* TimeArtistsViewController.swift */; };
		F60444182787155300D60FA4 /* TimeTracksViewController.swift in Sources */ = {isa = PBXBuildFile; fileRef = F60444172787155300D60FA4 /* TimeTracksViewController.swift */; };
		F604441A278717DC00D60FA4 /* TopArtistsViewController.swift in Sources */ = {isa = PBXBuildFile; fileRef = F6044419278717DC00D60FA4 /* TopArtistsViewController.swift */; };
		F604441C278719FE00D60FA4 /* TopArtistsTableViewCell.swift in Sources */ = {isa = PBXBuildFile; fileRef = F604441B278719FE00D60FA4 /* TopArtistsTableViewCell.swift */; };
		F604441E27876E2D00D60FA4 /* TopTracksViewController.swift in Sources */ = {isa = PBXBuildFile; fileRef = F604441D27876E2D00D60FA4 /* TopTracksViewController.swift */; };
		F6044420278771DA00D60FA4 /* TopTracksTableViewCell.swift in Sources */ = {isa = PBXBuildFile; fileRef = F604441F278771DA00D60FA4 /* TopTracksTableViewCell.swift */; };
		F681C4182786D210007E94C3 /* AnalyzingViewController.swift in Sources */ = {isa = PBXBuildFile; fileRef = F681C4172786D210007E94C3 /* AnalyzingViewController.swift */; };
		F681C42D2786D4B0007E94C3 /* Inter-Bold.ttf in Resources */ = {isa = PBXBuildFile; fileRef = F681C4272786D477007E94C3 /* Inter-Bold.ttf */; };
		F681C42E2786D4B0007E94C3 /* Inter-ExtraLight.ttf in Resources */ = {isa = PBXBuildFile; fileRef = F681C42B2786D477007E94C3 /* Inter-ExtraLight.ttf */; };
		F681C42F2786D4B0007E94C3 /* Inter-Medium.ttf in Resources */ = {isa = PBXBuildFile; fileRef = F681C4282786D477007E94C3 /* Inter-Medium.ttf */; };
		F681C4302786D4B0007E94C3 /* Inter-ExtraBold.ttf in Resources */ = {isa = PBXBuildFile; fileRef = F681C42C2786D477007E94C3 /* Inter-ExtraBold.ttf */; };
		F681C4312786D4B0007E94C3 /* Inter-SemiBold.ttf in Resources */ = {isa = PBXBuildFile; fileRef = F681C4262786D477007E94C3 /* Inter-SemiBold.ttf */; };
		F681C4322786D4B0007E94C3 /* Inter-Light.ttf in Resources */ = {isa = PBXBuildFile; fileRef = F681C42A2786D477007E94C3 /* Inter-Light.ttf */; };
		F681C4332786D4B0007E94C3 /* Inter-Thin.ttf in Resources */ = {isa = PBXBuildFile; fileRef = F681C4292786D477007E94C3 /* Inter-Thin.ttf */; };
		F681C4342786D4B0007E94C3 /* Inter-Black.ttf in Resources */ = {isa = PBXBuildFile; fileRef = F681C4242786D473007E94C3 /* Inter-Black.ttf */; };
		F681C4352786D4B0007E94C3 /* Inter-Regular.ttf in Resources */ = {isa = PBXBuildFile; fileRef = F681C4252786D477007E94C3 /* Inter-Regular.ttf */; };
		F6EE69EF277CD8C700EDF89C /* AppDelegate.swift in Sources */ = {isa = PBXBuildFile; fileRef = F6EE69EE277CD8C700EDF89C /* AppDelegate.swift */; };
		F6EE69F1277CD8C700EDF89C /* SceneDelegate.swift in Sources */ = {isa = PBXBuildFile; fileRef = F6EE69F0277CD8C700EDF89C /* SceneDelegate.swift */; };
		F6EE69F3277CD8C700EDF89C /* ViewController.swift in Sources */ = {isa = PBXBuildFile; fileRef = F6EE69F2277CD8C700EDF89C /* ViewController.swift */; };
		F6EE69F6277CD8C700EDF89C /* Main.storyboard in Resources */ = {isa = PBXBuildFile; fileRef = F6EE69F4277CD8C700EDF89C /* Main.storyboard */; };
		F6EE69F8277CD8C900EDF89C /* Assets.xcassets in Resources */ = {isa = PBXBuildFile; fileRef = F6EE69F7277CD8C900EDF89C /* Assets.xcassets */; };
		F6EE69FB277CD8C900EDF89C /* LaunchScreen.storyboard in Resources */ = {isa = PBXBuildFile; fileRef = F6EE69F9277CD8C900EDF89C /* LaunchScreen.storyboard */; };
		F6EE6A06277CD8C900EDF89C /* UptifyTests.swift in Sources */ = {isa = PBXBuildFile; fileRef = F6EE6A05277CD8C900EDF89C /* UptifyTests.swift */; };
		F6EE6A11277CD8C900EDF89C /* UptifyUITests.swift in Sources */ = {isa = PBXBuildFile; fileRef = F6EE6A10277CD8C900EDF89C /* UptifyUITests.swift */; };
		F6EE6A1F277CDB6800EDF89C /* HomeViewController.swift in Sources */ = {isa = PBXBuildFile; fileRef = F6EE6A1E277CDB6800EDF89C /* HomeViewController.swift */; };
		F6FEB9B7277DAACD00E2883E /* SpotifyAPICaller.swift in Sources */ = {isa = PBXBuildFile; fileRef = F6FEB9B6277DAACD00E2883E /* SpotifyAPICaller.swift */; };
/* End PBXBuildFile section */

/* Begin PBXContainerItemProxy section */
		F6EE6A02277CD8C900EDF89C /* PBXContainerItemProxy */ = {
			isa = PBXContainerItemProxy;
			containerPortal = F6EE69E3277CD8C700EDF89C /* Project object */;
			proxyType = 1;
			remoteGlobalIDString = F6EE69EA277CD8C700EDF89C;
			remoteInfo = Uptify;
		};
		F6EE6A0D277CD8C900EDF89C /* PBXContainerItemProxy */ = {
			isa = PBXContainerItemProxy;
			containerPortal = F6EE69E3277CD8C700EDF89C /* Project object */;
			proxyType = 1;
			remoteGlobalIDString = F6EE69EA277CD8C700EDF89C;
			remoteInfo = Uptify;
		};
/* End PBXContainerItemProxy section */

/* Begin PBXFileReference section */
		0174EF49DD85C9DC850C4C55 /* Pods-UptifyTests.debug.xcconfig */ = {isa = PBXFileReference; includeInIndex = 1; lastKnownFileType = text.xcconfig; name = "Pods-UptifyTests.debug.xcconfig"; path = "Target Support Files/Pods-UptifyTests/Pods-UptifyTests.debug.xcconfig"; sourceTree = "<group>"; };
		34EF4C3D56A1F1D8B265BA1F /* Pods_Uptify.framework */ = {isa = PBXFileReference; explicitFileType = wrapper.framework; includeInIndex = 0; path = Pods_Uptify.framework; sourceTree = BUILT_PRODUCTS_DIR; };
		359974A615D679823177438F /* Pods-Uptify-UptifyUITests.release.xcconfig */ = {isa = PBXFileReference; includeInIndex = 1; lastKnownFileType = text.xcconfig; name = "Pods-Uptify-UptifyUITests.release.xcconfig"; path = "Target Support Files/Pods-Uptify-UptifyUITests/Pods-Uptify-UptifyUITests.release.xcconfig"; sourceTree = "<group>"; };
		3E39D5BE766B01C047010356 /* Pods-Uptify.release.xcconfig */ = {isa = PBXFileReference; includeInIndex = 1; lastKnownFileType = text.xcconfig; name = "Pods-Uptify.release.xcconfig"; path = "Target Support Files/Pods-Uptify/Pods-Uptify.release.xcconfig"; sourceTree = "<group>"; };
		40083C1B11DC3CFF8B7C91D3 /* Pods_UptifyTests.framework */ = {isa = PBXFileReference; explicitFileType = wrapper.framework; includeInIndex = 0; path = Pods_UptifyTests.framework; sourceTree = BUILT_PRODUCTS_DIR; };
		5CE15EB4C47E8C4E013596E4 /* Pods-Uptify-UptifyUITests.debug.xcconfig */ = {isa = PBXFileReference; includeInIndex = 1; lastKnownFileType = text.xcconfig; name = "Pods-Uptify-UptifyUITests.debug.xcconfig"; path = "Target Support Files/Pods-Uptify-UptifyUITests/Pods-Uptify-UptifyUITests.debug.xcconfig"; sourceTree = "<group>"; };
		70B2E1D81944B4AE76BCB92D /* Pods-Uptify.debug.xcconfig */ = {isa = PBXFileReference; includeInIndex = 1; lastKnownFileType = text.xcconfig; name = "Pods-Uptify.debug.xcconfig"; path = "Target Support Files/Pods-Uptify/Pods-Uptify.debug.xcconfig"; sourceTree = "<group>"; };
		8161CA7E8E9052B9FD9882B1 /* Pods_Uptify_UptifyUITests.framework */ = {isa = PBXFileReference; explicitFileType = wrapper.framework; includeInIndex = 0; path = Pods_Uptify_UptifyUITests.framework; sourceTree = BUILT_PRODUCTS_DIR; };
		9558172786600EA4368FECCB /* Pods-UptifyTests.release.xcconfig */ = {isa = PBXFileReference; includeInIndex = 1; lastKnownFileType = text.xcconfig; name = "Pods-UptifyTests.release.xcconfig"; path = "Target Support Files/Pods-UptifyTests/Pods-UptifyTests.release.xcconfig"; sourceTree = "<group>"; };
		F604440F2786E7E300D60FA4 /* CategoryViewController.swift */ = {isa = PBXFileReference; lastKnownFileType = sourcecode.swift; path = CategoryViewController.swift; sourceTree = "<group>"; };
		F60444132786F88400D60FA4 /* CustomButton.swift */ = {isa = PBXFileReference; lastKnownFileType = sourcecode.swift; path = CustomButton.swift; sourceTree = "<group>"; };
		F60444152786FAA000D60FA4 /* TimeArtistsViewController.swift */ = {isa = PBXFileReference; lastKnownFileType = sourcecode.swift; path = TimeArtistsViewController.swift; sourceTree = "<group>"; };
		F60444172787155300D60FA4 /* TimeTracksViewController.swift */ = {isa = PBXFileReference; lastKnownFileType = sourcecode.swift; path = TimeTracksViewController.swift; sourceTree = "<group>"; };
		F6044419278717DC00D60FA4 /* TopArtistsViewController.swift */ = {isa = PBXFileReference; lastKnownFileType = sourcecode.swift; path = TopArtistsViewController.swift; sourceTree = "<group>"; };
		F604441B278719FE00D60FA4 /* TopArtistsTableViewCell.swift */ = {isa = PBXFileReference; lastKnownFileType = sourcecode.swift; path = TopArtistsTableViewCell.swift; sourceTree = "<group>"; };
		F604441D27876E2D00D60FA4 /* TopTracksViewController.swift */ = {isa = PBXFileReference; lastKnownFileType = sourcecode.swift; path = TopTracksViewController.swift; sourceTree = "<group>"; };
		F604441F278771DA00D60FA4 /* TopTracksTableViewCell.swift */ = {isa = PBXFileReference; lastKnownFileType = sourcecode.swift; path = TopTracksTableViewCell.swift; sourceTree = "<group>"; };
		F681C4172786D210007E94C3 /* AnalyzingViewController.swift */ = {isa = PBXFileReference; lastKnownFileType = sourcecode.swift; path = AnalyzingViewController.swift; sourceTree = "<group>"; };
		F681C4242786D473007E94C3 /* Inter-Black.ttf */ = {isa = PBXFileReference; lastKnownFileType = file; path = "Inter-Black.ttf"; sourceTree = "<group>"; };
		F681C4252786D477007E94C3 /* Inter-Regular.ttf */ = {isa = PBXFileReference; lastKnownFileType = file; path = "Inter-Regular.ttf"; sourceTree = "<group>"; };
		F681C4262786D477007E94C3 /* Inter-SemiBold.ttf */ = {isa = PBXFileReference; lastKnownFileType = file; path = "Inter-SemiBold.ttf"; sourceTree = "<group>"; };
		F681C4272786D477007E94C3 /* Inter-Bold.ttf */ = {isa = PBXFileReference; lastKnownFileType = file; path = "Inter-Bold.ttf"; sourceTree = "<group>"; };
		F681C4282786D477007E94C3 /* Inter-Medium.ttf */ = {isa = PBXFileReference; lastKnownFileType = file; path = "Inter-Medium.ttf"; sourceTree = "<group>"; };
		F681C4292786D477007E94C3 /* Inter-Thin.ttf */ = {isa = PBXFileReference; lastKnownFileType = file; path = "Inter-Thin.ttf"; sourceTree = "<group>"; };
		F681C42A2786D477007E94C3 /* Inter-Light.ttf */ = {isa = PBXFileReference; lastKnownFileType = file; path = "Inter-Light.ttf"; sourceTree = "<group>"; };
		F681C42B2786D477007E94C3 /* Inter-ExtraLight.ttf */ = {isa = PBXFileReference; lastKnownFileType = file; path = "Inter-ExtraLight.ttf"; sourceTree = "<group>"; };
		F681C42C2786D477007E94C3 /* Inter-ExtraBold.ttf */ = {isa = PBXFileReference; lastKnownFileType = file; path = "Inter-ExtraBold.ttf"; sourceTree = "<group>"; };
		F6EE69EB277CD8C700EDF89C /* Uptify.app */ = {isa = PBXFileReference; explicitFileType = wrapper.application; includeInIndex = 0; path = Uptify.app; sourceTree = BUILT_PRODUCTS_DIR; };
		F6EE69EE277CD8C700EDF89C /* AppDelegate.swift */ = {isa = PBXFileReference; lastKnownFileType = sourcecode.swift; path = AppDelegate.swift; sourceTree = "<group>"; };
		F6EE69F0277CD8C700EDF89C /* SceneDelegate.swift */ = {isa = PBXFileReference; lastKnownFileType = sourcecode.swift; path = SceneDelegate.swift; sourceTree = "<group>"; };
		F6EE69F2277CD8C700EDF89C /* ViewController.swift */ = {isa = PBXFileReference; lastKnownFileType = sourcecode.swift; path = ViewController.swift; sourceTree = "<group>"; };
		F6EE69F5277CD8C700EDF89C /* Base */ = {isa = PBXFileReference; lastKnownFileType = file.storyboard; name = Base; path = Base.lproj/Main.storyboard; sourceTree = "<group>"; };
		F6EE69F7277CD8C900EDF89C /* Assets.xcassets */ = {isa = PBXFileReference; lastKnownFileType = folder.assetcatalog; path = Assets.xcassets; sourceTree = "<group>"; };
		F6EE69FA277CD8C900EDF89C /* Base */ = {isa = PBXFileReference; lastKnownFileType = file.storyboard; name = Base; path = Base.lproj/LaunchScreen.storyboard; sourceTree = "<group>"; };
		F6EE69FC277CD8C900EDF89C /* Info.plist */ = {isa = PBXFileReference; lastKnownFileType = text.plist.xml; path = Info.plist; sourceTree = "<group>"; };
		F6EE6A01277CD8C900EDF89C /* UptifyTests.xctest */ = {isa = PBXFileReference; explicitFileType = wrapper.cfbundle; includeInIndex = 0; path = UptifyTests.xctest; sourceTree = BUILT_PRODUCTS_DIR; };
		F6EE6A05277CD8C900EDF89C /* UptifyTests.swift */ = {isa = PBXFileReference; lastKnownFileType = sourcecode.swift; path = UptifyTests.swift; sourceTree = "<group>"; };
		F6EE6A07277CD8C900EDF89C /* Info.plist */ = {isa = PBXFileReference; lastKnownFileType = text.plist.xml; path = Info.plist; sourceTree = "<group>"; };
		F6EE6A0C277CD8C900EDF89C /* UptifyUITests.xctest */ = {isa = PBXFileReference; explicitFileType = wrapper.cfbundle; includeInIndex = 0; path = UptifyUITests.xctest; sourceTree = BUILT_PRODUCTS_DIR; };
		F6EE6A10277CD8C900EDF89C /* UptifyUITests.swift */ = {isa = PBXFileReference; lastKnownFileType = sourcecode.swift; path = UptifyUITests.swift; sourceTree = "<group>"; };
		F6EE6A12277CD8C900EDF89C /* Info.plist */ = {isa = PBXFileReference; lastKnownFileType = text.plist.xml; path = Info.plist; sourceTree = "<group>"; };
		F6EE6A1E277CDB6800EDF89C /* HomeViewController.swift */ = {isa = PBXFileReference; lastKnownFileType = sourcecode.swift; path = HomeViewController.swift; sourceTree = "<group>"; };
		F6FEB9B6277DAACD00E2883E /* SpotifyAPICaller.swift */ = {isa = PBXFileReference; lastKnownFileType = sourcecode.swift; path = SpotifyAPICaller.swift; sourceTree = "<group>"; };
/* End PBXFileReference section */

/* Begin PBXFrameworksBuildPhase section */
		F6EE69E8277CD8C700EDF89C /* Frameworks */ = {
			isa = PBXFrameworksBuildPhase;
			buildActionMask = 2147483647;
			files = (
				730132C77F9454C279050814 /* Pods_Uptify.framework in Frameworks */,
			);
			runOnlyForDeploymentPostprocessing = 0;
		};
		F6EE69FE277CD8C900EDF89C /* Frameworks */ = {
			isa = PBXFrameworksBuildPhase;
			buildActionMask = 2147483647;
			files = (
				DD9BA900E7ECD295626170CE /* Pods_UptifyTests.framework in Frameworks */,
			);
			runOnlyForDeploymentPostprocessing = 0;
		};
		F6EE6A09277CD8C900EDF89C /* Frameworks */ = {
			isa = PBXFrameworksBuildPhase;
			buildActionMask = 2147483647;
			files = (
				2CAB698CA4AC43D16EB48F22 /* Pods_Uptify_UptifyUITests.framework in Frameworks */,
			);
			runOnlyForDeploymentPostprocessing = 0;
		};
/* End PBXFrameworksBuildPhase section */

/* Begin PBXGroup section */
		C0B752F4067582CF79D3F8DF /* Frameworks */ = {
			isa = PBXGroup;
			children = (
				34EF4C3D56A1F1D8B265BA1F /* Pods_Uptify.framework */,
				8161CA7E8E9052B9FD9882B1 /* Pods_Uptify_UptifyUITests.framework */,
				40083C1B11DC3CFF8B7C91D3 /* Pods_UptifyTests.framework */,
			);
			name = Frameworks;
			sourceTree = "<group>";
		};
		D99C2D272B1A63CFF73C038B /* Pods */ = {
			isa = PBXGroup;
			children = (
				70B2E1D81944B4AE76BCB92D /* Pods-Uptify.debug.xcconfig */,
				3E39D5BE766B01C047010356 /* Pods-Uptify.release.xcconfig */,
				5CE15EB4C47E8C4E013596E4 /* Pods-Uptify-UptifyUITests.debug.xcconfig */,
				359974A615D679823177438F /* Pods-Uptify-UptifyUITests.release.xcconfig */,
				0174EF49DD85C9DC850C4C55 /* Pods-UptifyTests.debug.xcconfig */,
				9558172786600EA4368FECCB /* Pods-UptifyTests.release.xcconfig */,
			);
			path = Pods;
			sourceTree = "<group>";
		};
		F681C4232786D46C007E94C3 /* Font */ = {
			isa = PBXGroup;
			children = (
				F681C4242786D473007E94C3 /* Inter-Black.ttf */,
				F681C4272786D477007E94C3 /* Inter-Bold.ttf */,
				F681C42C2786D477007E94C3 /* Inter-ExtraBold.ttf */,
				F681C42B2786D477007E94C3 /* Inter-ExtraLight.ttf */,
				F681C42A2786D477007E94C3 /* Inter-Light.ttf */,
				F681C4282786D477007E94C3 /* Inter-Medium.ttf */,
				F681C4252786D477007E94C3 /* Inter-Regular.ttf */,
				F681C4262786D477007E94C3 /* Inter-SemiBold.ttf */,
				F681C4292786D477007E94C3 /* Inter-Thin.ttf */,
			);
			path = Font;
			sourceTree = "<group>";
		};
		F6EE69E2277CD8C700EDF89C = {
			isa = PBXGroup;
			children = (
				F6EE69ED277CD8C700EDF89C /* Uptify */,
				F6EE6A04277CD8C900EDF89C /* UptifyTests */,
				F6EE6A0F277CD8C900EDF89C /* UptifyUITests */,
				F6EE69EC277CD8C700EDF89C /* Products */,
				D99C2D272B1A63CFF73C038B /* Pods */,
				C0B752F4067582CF79D3F8DF /* Frameworks */,
			);
			sourceTree = "<group>";
		};
		F6EE69EC277CD8C700EDF89C /* Products */ = {
			isa = PBXGroup;
			children = (
				F6EE69EB277CD8C700EDF89C /* Uptify.app */,
				F6EE6A01277CD8C900EDF89C /* UptifyTests.xctest */,
				F6EE6A0C277CD8C900EDF89C /* UptifyUITests.xctest */,
			);
			name = Products;
			sourceTree = "<group>";
		};
		F6EE69ED277CD8C700EDF89C /* Uptify */ = {
			isa = PBXGroup;
			children = (
				F681C4232786D46C007E94C3 /* Font */,
				F6EE69EE277CD8C700EDF89C /* AppDelegate.swift */,
				F6EE69F0277CD8C700EDF89C /* SceneDelegate.swift */,
				F6EE69F2277CD8C700EDF89C /* ViewController.swift */,
				F6EE69F4277CD8C700EDF89C /* Main.storyboard */,
				F6EE69F7277CD8C900EDF89C /* Assets.xcassets */,
				F6EE69F9277CD8C900EDF89C /* LaunchScreen.storyboard */,
				F6EE69FC277CD8C900EDF89C /* Info.plist */,
				F6EE6A1E277CDB6800EDF89C /* HomeViewController.swift */,
				F6FEB9B6277DAACD00E2883E /* SpotifyAPICaller.swift */,
				F681C4172786D210007E94C3 /* AnalyzingViewController.swift */,
				F604440F2786E7E300D60FA4 /* CategoryViewController.swift */,
				F60444132786F88400D60FA4 /* CustomButton.swift */,
				F60444152786FAA000D60FA4 /* TimeArtistsViewController.swift */,
				F60444172787155300D60FA4 /* TimeTracksViewController.swift */,
				F6044419278717DC00D60FA4 /* TopArtistsViewController.swift */,
				F604441B278719FE00D60FA4 /* TopArtistsTableViewCell.swift */,
				F604441D27876E2D00D60FA4 /* TopTracksViewController.swift */,
				F604441F278771DA00D60FA4 /* TopTracksTableViewCell.swift */,
			);
			path = Uptify;
			sourceTree = "<group>";
		};
		F6EE6A04277CD8C900EDF89C /* UptifyTests */ = {
			isa = PBXGroup;
			children = (
				F6EE6A05277CD8C900EDF89C /* UptifyTests.swift */,
				F6EE6A07277CD8C900EDF89C /* Info.plist */,
			);
			path = UptifyTests;
			sourceTree = "<group>";
		};
		F6EE6A0F277CD8C900EDF89C /* UptifyUITests */ = {
			isa = PBXGroup;
			children = (
				F6EE6A10277CD8C900EDF89C /* UptifyUITests.swift */,
				F6EE6A12277CD8C900EDF89C /* Info.plist */,
			);
			path = UptifyUITests;
			sourceTree = "<group>";
		};
/* End PBXGroup section */

/* Begin PBXNativeTarget section */
		F6EE69EA277CD8C700EDF89C /* Uptify */ = {
			isa = PBXNativeTarget;
			buildConfigurationList = F6EE6A15277CD8C900EDF89C /* Build configuration list for PBXNativeTarget "Uptify" */;
			buildPhases = (
				4C6936CDEEBEFC9D63D93880 /* [CP] Check Pods Manifest.lock */,
				F6EE69E7277CD8C700EDF89C /* Sources */,
				F6EE69E8277CD8C700EDF89C /* Frameworks */,
				F6EE69E9277CD8C700EDF89C /* Resources */,
				27D826925449E1CC97315F6E /* [CP] Embed Pods Frameworks */,
			);
			buildRules = (
			);
			dependencies = (
			);
			name = Uptify;
			productName = Uptify;
			productReference = F6EE69EB277CD8C700EDF89C /* Uptify.app */;
			productType = "com.apple.product-type.application";
		};
		F6EE6A00277CD8C900EDF89C /* UptifyTests */ = {
			isa = PBXNativeTarget;
			buildConfigurationList = F6EE6A18277CD8C900EDF89C /* Build configuration list for PBXNativeTarget "UptifyTests" */;
			buildPhases = (
				A93B52B5C3D468AE1BD15ADF /* [CP] Check Pods Manifest.lock */,
				F6EE69FD277CD8C900EDF89C /* Sources */,
				F6EE69FE277CD8C900EDF89C /* Frameworks */,
				F6EE69FF277CD8C900EDF89C /* Resources */,
			);
			buildRules = (
			);
			dependencies = (
				F6EE6A03277CD8C900EDF89C /* PBXTargetDependency */,
			);
			name = UptifyTests;
			productName = UptifyTests;
			productReference = F6EE6A01277CD8C900EDF89C /* UptifyTests.xctest */;
			productType = "com.apple.product-type.bundle.unit-test";
		};
		F6EE6A0B277CD8C900EDF89C /* UptifyUITests */ = {
			isa = PBXNativeTarget;
			buildConfigurationList = F6EE6A1B277CD8C900EDF89C /* Build configuration list for PBXNativeTarget "UptifyUITests" */;
			buildPhases = (
				694516285D743B9599FB9DC5 /* [CP] Check Pods Manifest.lock */,
				F6EE6A08277CD8C900EDF89C /* Sources */,
				F6EE6A09277CD8C900EDF89C /* Frameworks */,
				F6EE6A0A277CD8C900EDF89C /* Resources */,
				FCE02BC0B3F1FD2184ECE66E /* [CP] Embed Pods Frameworks */,
			);
			buildRules = (
			);
			dependencies = (
				F6EE6A0E277CD8C900EDF89C /* PBXTargetDependency */,
			);
			name = UptifyUITests;
			productName = UptifyUITests;
			productReference = F6EE6A0C277CD8C900EDF89C /* UptifyUITests.xctest */;
			productType = "com.apple.product-type.bundle.ui-testing";
		};
/* End PBXNativeTarget section */

/* Begin PBXProject section */
		F6EE69E3277CD8C700EDF89C /* Project object */ = {
			isa = PBXProject;
			attributes = {
				LastSwiftUpdateCheck = 1250;
				LastUpgradeCheck = 1250;
				TargetAttributes = {
					F6EE69EA277CD8C700EDF89C = {
						CreatedOnToolsVersion = 12.5.1;
					};
					F6EE6A00277CD8C900EDF89C = {
						CreatedOnToolsVersion = 12.5.1;
						TestTargetID = F6EE69EA277CD8C700EDF89C;
					};
					F6EE6A0B277CD8C900EDF89C = {
						CreatedOnToolsVersion = 12.5.1;
						TestTargetID = F6EE69EA277CD8C700EDF89C;
					};
				};
			};
			buildConfigurationList = F6EE69E6277CD8C700EDF89C /* Build configuration list for PBXProject "Uptify" */;
			compatibilityVersion = "Xcode 9.3";
			developmentRegion = en;
			hasScannedForEncodings = 0;
			knownRegions = (
				en,
				Base,
			);
			mainGroup = F6EE69E2277CD8C700EDF89C;
			productRefGroup = F6EE69EC277CD8C700EDF89C /* Products */;
			projectDirPath = "";
			projectRoot = "";
			targets = (
				F6EE69EA277CD8C700EDF89C /* Uptify */,
				F6EE6A00277CD8C900EDF89C /* UptifyTests */,
				F6EE6A0B277CD8C900EDF89C /* UptifyUITests */,
			);
		};
/* End PBXProject section */

/* Begin PBXResourcesBuildPhase section */
		F6EE69E9277CD8C700EDF89C /* Resources */ = {
			isa = PBXResourcesBuildPhase;
			buildActionMask = 2147483647;
			files = (
				F6EE69FB277CD8C900EDF89C /* LaunchScreen.storyboard in Resources */,
				F681C4322786D4B0007E94C3 /* Inter-Light.ttf in Resources */,
				F681C42E2786D4B0007E94C3 /* Inter-ExtraLight.ttf in Resources */,
				F681C42F2786D4B0007E94C3 /* Inter-Medium.ttf in Resources */,
				F681C4302786D4B0007E94C3 /* Inter-ExtraBold.ttf in Resources */,
				F681C4312786D4B0007E94C3 /* Inter-SemiBold.ttf in Resources */,
				F681C4342786D4B0007E94C3 /* Inter-Black.ttf in Resources */,
				F6EE69F8277CD8C900EDF89C /* Assets.xcassets in Resources */,
				F681C42D2786D4B0007E94C3 /* Inter-Bold.ttf in Resources */,
				F681C4332786D4B0007E94C3 /* Inter-Thin.ttf in Resources */,
				F681C4352786D4B0007E94C3 /* Inter-Regular.ttf in Resources */,
				F6EE69F6277CD8C700EDF89C /* Main.storyboard in Resources */,
			);
			runOnlyForDeploymentPostprocessing = 0;
		};
		F6EE69FF277CD8C900EDF89C /* Resources */ = {
			isa = PBXResourcesBuildPhase;
			buildActionMask = 2147483647;
			files = (
			);
			runOnlyForDeploymentPostprocessing = 0;
		};
		F6EE6A0A277CD8C900EDF89C /* Resources */ = {
			isa = PBXResourcesBuildPhase;
			buildActionMask = 2147483647;
			files = (
			);
			runOnlyForDeploymentPostprocessing = 0;
		};
/* End PBXResourcesBuildPhase section */

/* Begin PBXShellScriptBuildPhase section */
		27D826925449E1CC97315F6E /* [CP] Embed Pods Frameworks */ = {
			isa = PBXShellScriptBuildPhase;
			buildActionMask = 2147483647;
			files = (
			);
			inputFileListPaths = (
				"${PODS_ROOT}/Target Support Files/Pods-Uptify/Pods-Uptify-frameworks-${CONFIGURATION}-input-files.xcfilelist",
			);
			name = "[CP] Embed Pods Frameworks";
			outputFileListPaths = (
				"${PODS_ROOT}/Target Support Files/Pods-Uptify/Pods-Uptify-frameworks-${CONFIGURATION}-output-files.xcfilelist",
			);
			runOnlyForDeploymentPostprocessing = 0;
			shellPath = /bin/sh;
			shellScript = "\"${PODS_ROOT}/Target Support Files/Pods-Uptify/Pods-Uptify-frameworks.sh\"\n";
			showEnvVarsInLog = 0;
		};
		4C6936CDEEBEFC9D63D93880 /* [CP] Check Pods Manifest.lock */ = {
			isa = PBXShellScriptBuildPhase;
			buildActionMask = 2147483647;
			files = (
			);
			inputFileListPaths = (
			);
			inputPaths = (
				"${PODS_PODFILE_DIR_PATH}/Podfile.lock",
				"${PODS_ROOT}/Manifest.lock",
			);
			name = "[CP] Check Pods Manifest.lock";
			outputFileListPaths = (
			);
			outputPaths = (
				"$(DERIVED_FILE_DIR)/Pods-Uptify-checkManifestLockResult.txt",
			);
			runOnlyForDeploymentPostprocessing = 0;
			shellPath = /bin/sh;
			shellScript = "diff \"${PODS_PODFILE_DIR_PATH}/Podfile.lock\" \"${PODS_ROOT}/Manifest.lock\" > /dev/null\nif [ $? != 0 ] ; then\n    # print error to STDERR\n    echo \"error: The sandbox is not in sync with the Podfile.lock. Run 'pod install' or update your CocoaPods installation.\" >&2\n    exit 1\nfi\n# This output is used by Xcode 'outputs' to avoid re-running this script phase.\necho \"SUCCESS\" > \"${SCRIPT_OUTPUT_FILE_0}\"\n";
			showEnvVarsInLog = 0;
		};
		694516285D743B9599FB9DC5 /* [CP] Check Pods Manifest.lock */ = {
			isa = PBXShellScriptBuildPhase;
			buildActionMask = 2147483647;
			files = (
			);
			inputFileListPaths = (
			);
			inputPaths = (
				"${PODS_PODFILE_DIR_PATH}/Podfile.lock",
				"${PODS_ROOT}/Manifest.lock",
			);
			name = "[CP] Check Pods Manifest.lock";
			outputFileListPaths = (
			);
			outputPaths = (
				"$(DERIVED_FILE_DIR)/Pods-Uptify-UptifyUITests-checkManifestLockResult.txt",
			);
			runOnlyForDeploymentPostprocessing = 0;
			shellPath = /bin/sh;
			shellScript = "diff \"${PODS_PODFILE_DIR_PATH}/Podfile.lock\" \"${PODS_ROOT}/Manifest.lock\" > /dev/null\nif [ $? != 0 ] ; then\n    # print error to STDERR\n    echo \"error: The sandbox is not in sync with the Podfile.lock. Run 'pod install' or update your CocoaPods installation.\" >&2\n    exit 1\nfi\n# This output is used by Xcode 'outputs' to avoid re-running this script phase.\necho \"SUCCESS\" > \"${SCRIPT_OUTPUT_FILE_0}\"\n";
			showEnvVarsInLog = 0;
		};
		A93B52B5C3D468AE1BD15ADF /* [CP] Check Pods Manifest.lock */ = {
			isa = PBXShellScriptBuildPhase;
			buildActionMask = 2147483647;
			files = (
			);
			inputFileListPaths = (
			);
			inputPaths = (
				"${PODS_PODFILE_DIR_PATH}/Podfile.lock",
				"${PODS_ROOT}/Manifest.lock",
			);
			name = "[CP] Check Pods Manifest.lock";
			outputFileListPaths = (
			);
			outputPaths = (
				"$(DERIVED_FILE_DIR)/Pods-UptifyTests-checkManifestLockResult.txt",
			);
			runOnlyForDeploymentPostprocessing = 0;
			shellPath = /bin/sh;
			shellScript = "diff \"${PODS_PODFILE_DIR_PATH}/Podfile.lock\" \"${PODS_ROOT}/Manifest.lock\" > /dev/null\nif [ $? != 0 ] ; then\n    # print error to STDERR\n    echo \"error: The sandbox is not in sync with the Podfile.lock. Run 'pod install' or update your CocoaPods installation.\" >&2\n    exit 1\nfi\n# This output is used by Xcode 'outputs' to avoid re-running this script phase.\necho \"SUCCESS\" > \"${SCRIPT_OUTPUT_FILE_0}\"\n";
			showEnvVarsInLog = 0;
		};
		FCE02BC0B3F1FD2184ECE66E /* [CP] Embed Pods Frameworks */ = {
			isa = PBXShellScriptBuildPhase;
			buildActionMask = 2147483647;
			files = (
			);
			inputFileListPaths = (
				"${PODS_ROOT}/Target Support Files/Pods-Uptify-UptifyUITests/Pods-Uptify-UptifyUITests-frameworks-${CONFIGURATION}-input-files.xcfilelist",
			);
			name = "[CP] Embed Pods Frameworks";
			outputFileListPaths = (
				"${PODS_ROOT}/Target Support Files/Pods-Uptify-UptifyUITests/Pods-Uptify-UptifyUITests-frameworks-${CONFIGURATION}-output-files.xcfilelist",
			);
			runOnlyForDeploymentPostprocessing = 0;
			shellPath = /bin/sh;
			shellScript = "\"${PODS_ROOT}/Target Support Files/Pods-Uptify-UptifyUITests/Pods-Uptify-UptifyUITests-frameworks.sh\"\n";
			showEnvVarsInLog = 0;
		};
/* End PBXShellScriptBuildPhase section */

/* Begin PBXSourcesBuildPhase section */
		F6EE69E7277CD8C700EDF89C /* Sources */ = {
			isa = PBXSourcesBuildPhase;
			buildActionMask = 2147483647;
			files = (
				F604441C278719FE00D60FA4 /* TopArtistsTableViewCell.swift in Sources */,
				F6EE69F3277CD8C700EDF89C /* ViewController.swift in Sources */,
				F6EE69EF277CD8C700EDF89C /* AppDelegate.swift in Sources */,
				F60444102786E7E300D60FA4 /* CategoryViewController.swift in Sources */,
				F604441E27876E2D00D60FA4 /* TopTracksViewController.swift in Sources */,
				F60444162786FAA000D60FA4 /* TimeArtistsViewController.swift in Sources */,
				F681C4182786D210007E94C3 /* AnalyzingViewController.swift in Sources */,
				F604441A278717DC00D60FA4 /* TopArtistsViewController.swift in Sources */,
				F60444142786F88400D60FA4 /* CustomButton.swift in Sources */,
				F6EE69F1277CD8C700EDF89C /* SceneDelegate.swift in Sources */,
				F6EE6A1F277CDB6800EDF89C /* HomeViewController.swift in Sources */,
				F6FEB9B7277DAACD00E2883E /* SpotifyAPICaller.swift in Sources */,
				F60444182787155300D60FA4 /* TimeTracksViewController.swift in Sources */,
				F6044420278771DA00D60FA4 /* TopTracksTableViewCell.swift in Sources */,
			);
			runOnlyForDeploymentPostprocessing = 0;
		};
		F6EE69FD277CD8C900EDF89C /* Sources */ = {
			isa = PBXSourcesBuildPhase;
			buildActionMask = 2147483647;
			files = (
				F6EE6A06277CD8C900EDF89C /* UptifyTests.swift in Sources */,
			);
			runOnlyForDeploymentPostprocessing = 0;
		};
		F6EE6A08277CD8C900EDF89C /* Sources */ = {
			isa = PBXSourcesBuildPhase;
			buildActionMask = 2147483647;
			files = (
				F6EE6A11277CD8C900EDF89C /* UptifyUITests.swift in Sources */,
			);
			runOnlyForDeploymentPostprocessing = 0;
		};
/* End PBXSourcesBuildPhase section */

/* Begin PBXTargetDependency section */
		F6EE6A03277CD8C900EDF89C /* PBXTargetDependency */ = {
			isa = PBXTargetDependency;
			target = F6EE69EA277CD8C700EDF89C /* Uptify */;
			targetProxy = F6EE6A02277CD8C900EDF89C /* PBXContainerItemProxy */;
		};
		F6EE6A0E277CD8C900EDF89C /* PBXTargetDependency */ = {
			isa = PBXTargetDependency;
			target = F6EE69EA277CD8C700EDF89C /* Uptify */;
			targetProxy = F6EE6A0D277CD8C900EDF89C /* PBXContainerItemProxy */;
		};
/* End PBXTargetDependency section */

/* Begin PBXVariantGroup section */
		F6EE69F4277CD8C700EDF89C /* Main.storyboard */ = {
			isa = PBXVariantGroup;
			children = (
				F6EE69F5277CD8C700EDF89C /* Base */,
			);
			name = Main.storyboard;
			sourceTree = "<group>";
		};
		F6EE69F9277CD8C900EDF89C /* LaunchScreen.storyboard */ = {
			isa = PBXVariantGroup;
			children = (
				F6EE69FA277CD8C900EDF89C /* Base */,
			);
			name = LaunchScreen.storyboard;
			sourceTree = "<group>";
		};
/* End PBXVariantGroup section */

/* Begin XCBuildConfiguration section */
		F6EE6A13277CD8C900EDF89C /* Debug */ = {
			isa = XCBuildConfiguration;
			buildSettings = {
				ALWAYS_SEARCH_USER_PATHS = NO;
				CLANG_ANALYZER_NONNULL = YES;
				CLANG_ANALYZER_NUMBER_OBJECT_CONVERSION = YES_AGGRESSIVE;
				CLANG_CXX_LANGUAGE_STANDARD = "gnu++14";
				CLANG_CXX_LIBRARY = "libc++";
				CLANG_ENABLE_MODULES = YES;
				CLANG_ENABLE_OBJC_ARC = YES;
				CLANG_ENABLE_OBJC_WEAK = YES;
				CLANG_WARN_BLOCK_CAPTURE_AUTORELEASING = YES;
				CLANG_WARN_BOOL_CONVERSION = YES;
				CLANG_WARN_COMMA = YES;
				CLANG_WARN_CONSTANT_CONVERSION = YES;
				CLANG_WARN_DEPRECATED_OBJC_IMPLEMENTATIONS = YES;
				CLANG_WARN_DIRECT_OBJC_ISA_USAGE = YES_ERROR;
				CLANG_WARN_DOCUMENTATION_COMMENTS = YES;
				CLANG_WARN_EMPTY_BODY = YES;
				CLANG_WARN_ENUM_CONVERSION = YES;
				CLANG_WARN_INFINITE_RECURSION = YES;
				CLANG_WARN_INT_CONVERSION = YES;
				CLANG_WARN_NON_LITERAL_NULL_CONVERSION = YES;
				CLANG_WARN_OBJC_IMPLICIT_RETAIN_SELF = YES;
				CLANG_WARN_OBJC_LITERAL_CONVERSION = YES;
				CLANG_WARN_OBJC_ROOT_CLASS = YES_ERROR;
				CLANG_WARN_QUOTED_INCLUDE_IN_FRAMEWORK_HEADER = YES;
				CLANG_WARN_RANGE_LOOP_ANALYSIS = YES;
				CLANG_WARN_STRICT_PROTOTYPES = YES;
				CLANG_WARN_SUSPICIOUS_MOVE = YES;
				CLANG_WARN_UNGUARDED_AVAILABILITY = YES_AGGRESSIVE;
				CLANG_WARN_UNREACHABLE_CODE = YES;
				CLANG_WARN__DUPLICATE_METHOD_MATCH = YES;
				COPY_PHASE_STRIP = NO;
				DEBUG_INFORMATION_FORMAT = dwarf;
				ENABLE_STRICT_OBJC_MSGSEND = YES;
				ENABLE_TESTABILITY = YES;
				GCC_C_LANGUAGE_STANDARD = gnu11;
				GCC_DYNAMIC_NO_PIC = NO;
				GCC_NO_COMMON_BLOCKS = YES;
				GCC_OPTIMIZATION_LEVEL = 0;
				GCC_PREPROCESSOR_DEFINITIONS = (
					"DEBUG=1",
					"$(inherited)",
				);
				GCC_WARN_64_TO_32_BIT_CONVERSION = YES;
				GCC_WARN_ABOUT_RETURN_TYPE = YES_ERROR;
				GCC_WARN_UNDECLARED_SELECTOR = YES;
				GCC_WARN_UNINITIALIZED_AUTOS = YES_AGGRESSIVE;
				GCC_WARN_UNUSED_FUNCTION = YES;
				GCC_WARN_UNUSED_VARIABLE = YES;
				IPHONEOS_DEPLOYMENT_TARGET = 14.5;
				MTL_ENABLE_DEBUG_INFO = INCLUDE_SOURCE;
				MTL_FAST_MATH = YES;
				ONLY_ACTIVE_ARCH = YES;
				SDKROOT = iphoneos;
				SWIFT_ACTIVE_COMPILATION_CONDITIONS = DEBUG;
				SWIFT_OPTIMIZATION_LEVEL = "-Onone";
			};
			name = Debug;
		};
		F6EE6A14277CD8C900EDF89C /* Release */ = {
			isa = XCBuildConfiguration;
			buildSettings = {
				ALWAYS_SEARCH_USER_PATHS = NO;
				CLANG_ANALYZER_NONNULL = YES;
				CLANG_ANALYZER_NUMBER_OBJECT_CONVERSION = YES_AGGRESSIVE;
				CLANG_CXX_LANGUAGE_STANDARD = "gnu++14";
				CLANG_CXX_LIBRARY = "libc++";
				CLANG_ENABLE_MODULES = YES;
				CLANG_ENABLE_OBJC_ARC = YES;
				CLANG_ENABLE_OBJC_WEAK = YES;
				CLANG_WARN_BLOCK_CAPTURE_AUTORELEASING = YES;
				CLANG_WARN_BOOL_CONVERSION = YES;
				CLANG_WARN_COMMA = YES;
				CLANG_WARN_CONSTANT_CONVERSION = YES;
				CLANG_WARN_DEPRECATED_OBJC_IMPLEMENTATIONS = YES;
				CLANG_WARN_DIRECT_OBJC_ISA_USAGE = YES_ERROR;
				CLANG_WARN_DOCUMENTATION_COMMENTS = YES;
				CLANG_WARN_EMPTY_BODY = YES;
				CLANG_WARN_ENUM_CONVERSION = YES;
				CLANG_WARN_INFINITE_RECURSION = YES;
				CLANG_WARN_INT_CONVERSION = YES;
				CLANG_WARN_NON_LITERAL_NULL_CONVERSION = YES;
				CLANG_WARN_OBJC_IMPLICIT_RETAIN_SELF = YES;
				CLANG_WARN_OBJC_LITERAL_CONVERSION = YES;
				CLANG_WARN_OBJC_ROOT_CLASS = YES_ERROR;
				CLANG_WARN_QUOTED_INCLUDE_IN_FRAMEWORK_HEADER = YES;
				CLANG_WARN_RANGE_LOOP_ANALYSIS = YES;
				CLANG_WARN_STRICT_PROTOTYPES = YES;
				CLANG_WARN_SUSPICIOUS_MOVE = YES;
				CLANG_WARN_UNGUARDED_AVAILABILITY = YES_AGGRESSIVE;
				CLANG_WARN_UNREACHABLE_CODE = YES;
				CLANG_WARN__DUPLICATE_METHOD_MATCH = YES;
				COPY_PHASE_STRIP = NO;
				DEBUG_INFORMATION_FORMAT = "dwarf-with-dsym";
				ENABLE_NS_ASSERTIONS = NO;
				ENABLE_STRICT_OBJC_MSGSEND = YES;
				GCC_C_LANGUAGE_STANDARD = gnu11;
				GCC_NO_COMMON_BLOCKS = YES;
				GCC_WARN_64_TO_32_BIT_CONVERSION = YES;
				GCC_WARN_ABOUT_RETURN_TYPE = YES_ERROR;
				GCC_WARN_UNDECLARED_SELECTOR = YES;
				GCC_WARN_UNINITIALIZED_AUTOS = YES_AGGRESSIVE;
				GCC_WARN_UNUSED_FUNCTION = YES;
				GCC_WARN_UNUSED_VARIABLE = YES;
				IPHONEOS_DEPLOYMENT_TARGET = 14.5;
				MTL_ENABLE_DEBUG_INFO = NO;
				MTL_FAST_MATH = YES;
				SDKROOT = iphoneos;
				SWIFT_COMPILATION_MODE = wholemodule;
				SWIFT_OPTIMIZATION_LEVEL = "-O";
				VALIDATE_PRODUCT = YES;
			};
			name = Release;
		};
		F6EE6A16277CD8C900EDF89C /* Debug */ = {
			isa = XCBuildConfiguration;
			baseConfigurationReference = 70B2E1D81944B4AE76BCB92D /* Pods-Uptify.debug.xcconfig */;
			buildSettings = {
				ASSETCATALOG_COMPILER_APPICON_NAME = AppIcon;
				ASSETCATALOG_COMPILER_GLOBAL_ACCENT_COLOR_NAME = AccentColor;
				CODE_SIGN_STYLE = Automatic;
				INFOPLIST_FILE = Uptify/Info.plist;
				LD_RUNPATH_SEARCH_PATHS = (
					"$(inherited)",
					"@executable_path/Frameworks",
				);
				PRODUCT_BUNDLE_IDENTIFIER = memo.com.Uptify;
				PRODUCT_NAME = "$(TARGET_NAME)";
				SWIFT_VERSION = 5.0;
				TARGETED_DEVICE_FAMILY = "1,2";
			};
			name = Debug;
		};
		F6EE6A17277CD8C900EDF89C /* Release */ = {
			isa = XCBuildConfiguration;
			baseConfigurationReference = 3E39D5BE766B01C047010356 /* Pods-Uptify.release.xcconfig */;
			buildSettings = {
				ASSETCATALOG_COMPILER_APPICON_NAME = AppIcon;
				ASSETCATALOG_COMPILER_GLOBAL_ACCENT_COLOR_NAME = AccentColor;
				CODE_SIGN_STYLE = Automatic;
				INFOPLIST_FILE = Uptify/Info.plist;
				LD_RUNPATH_SEARCH_PATHS = (
					"$(inherited)",
					"@executable_path/Frameworks",
				);
				PRODUCT_BUNDLE_IDENTIFIER = memo.com.Uptify;
				PRODUCT_NAME = "$(TARGET_NAME)";
				SWIFT_VERSION = 5.0;
				TARGETED_DEVICE_FAMILY = "1,2";
			};
			name = Release;
		};
		F6EE6A19277CD8C900EDF89C /* Debug */ = {
			isa = XCBuildConfiguration;
			baseConfigurationReference = 0174EF49DD85C9DC850C4C55 /* Pods-UptifyTests.debug.xcconfig */;
			buildSettings = {
				ALWAYS_EMBED_SWIFT_STANDARD_LIBRARIES = YES;
				BUNDLE_LOADER = "$(TEST_HOST)";
				CODE_SIGN_STYLE = Automatic;
				INFOPLIST_FILE = UptifyTests/Info.plist;
				IPHONEOS_DEPLOYMENT_TARGET = 14.5;
				LD_RUNPATH_SEARCH_PATHS = (
					"$(inherited)",
					"@executable_path/Frameworks",
					"@loader_path/Frameworks",
				);
				PRODUCT_BUNDLE_IDENTIFIER = memo.com.UptifyTests;
				PRODUCT_NAME = "$(TARGET_NAME)";
				SWIFT_VERSION = 5.0;
				TARGETED_DEVICE_FAMILY = "1,2";
				TEST_HOST = "$(BUILT_PRODUCTS_DIR)/Uptify.app/Uptify";
			};
			name = Debug;
		};
		F6EE6A1A277CD8C900EDF89C /* Release */ = {
			isa = XCBuildConfiguration;
			baseConfigurationReference = 9558172786600EA4368FECCB /* Pods-UptifyTests.release.xcconfig */;
			buildSettings = {
				ALWAYS_EMBED_SWIFT_STANDARD_LIBRARIES = YES;
				BUNDLE_LOADER = "$(TEST_HOST)";
				CODE_SIGN_STYLE = Automatic;
				INFOPLIST_FILE = UptifyTests/Info.plist;
				IPHONEOS_DEPLOYMENT_TARGET = 14.5;
				LD_RUNPATH_SEARCH_PATHS = (
					"$(inherited)",
					"@executable_path/Frameworks",
					"@loader_path/Frameworks",
				);
				PRODUCT_BUNDLE_IDENTIFIER = memo.com.UptifyTests;
				PRODUCT_NAME = "$(TARGET_NAME)";
				SWIFT_VERSION = 5.0;
				TARGETED_DEVICE_FAMILY = "1,2";
				TEST_HOST = "$(BUILT_PRODUCTS_DIR)/Uptify.app/Uptify";
			};
			name = Release;
		};
		F6EE6A1C277CD8C900EDF89C /* Debug */ = {
			isa = XCBuildConfiguration;
			baseConfigurationReference = 5CE15EB4C47E8C4E013596E4 /* Pods-Uptify-UptifyUITests.debug.xcconfig */;
			buildSettings = {
				ALWAYS_EMBED_SWIFT_STANDARD_LIBRARIES = YES;
				CODE_SIGN_STYLE = Automatic;
				INFOPLIST_FILE = UptifyUITests/Info.plist;
				LD_RUNPATH_SEARCH_PATHS = (
					"$(inherited)",
					"@executable_path/Frameworks",
					"@loader_path/Frameworks",
				);
				PRODUCT_BUNDLE_IDENTIFIER = memo.com.UptifyUITests;
				PRODUCT_NAME = "$(TARGET_NAME)";
				SWIFT_VERSION = 5.0;
				TARGETED_DEVICE_FAMILY = "1,2";
				TEST_TARGET_NAME = Uptify;
			};
			name = Debug;
		};
		F6EE6A1D277CD8C900EDF89C /* Release */ = {
			isa = XCBuildConfiguration;
			baseConfigurationReference = 359974A615D679823177438F /* Pods-Uptify-UptifyUITests.release.xcconfig */;
			buildSettings = {
				ALWAYS_EMBED_SWIFT_STANDARD_LIBRARIES = YES;
				CODE_SIGN_STYLE = Automatic;
				INFOPLIST_FILE = UptifyUITests/Info.plist;
				LD_RUNPATH_SEARCH_PATHS = (
					"$(inherited)",
					"@executable_path/Frameworks",
					"@loader_path/Frameworks",
				);
				PRODUCT_BUNDLE_IDENTIFIER = memo.com.UptifyUITests;
				PRODUCT_NAME = "$(TARGET_NAME)";
				SWIFT_VERSION = 5.0;
				TARGETED_DEVICE_FAMILY = "1,2";
				TEST_TARGET_NAME = Uptify;
			};
			name = Release;
		};
/* End XCBuildConfiguration section */

/* Begin XCConfigurationList section */
		F6EE69E6277CD8C700EDF89C /* Build configuration list for PBXProject "Uptify" */ = {
			isa = XCConfigurationList;
			buildConfigurations = (
				F6EE6A13277CD8C900EDF89C /* Debug */,
				F6EE6A14277CD8C900EDF89C /* Release */,
			);
			defaultConfigurationIsVisible = 0;
			defaultConfigurationName = Release;
		};
		F6EE6A15277CD8C900EDF89C /* Build configuration list for PBXNativeTarget "Uptify" */ = {
			isa = XCConfigurationList;
			buildConfigurations = (
				F6EE6A16277CD8C900EDF89C /* Debug */,
				F6EE6A17277CD8C900EDF89C /* Release */,
			);
			defaultConfigurationIsVisible = 0;
			defaultConfigurationName = Release;
		};
		F6EE6A18277CD8C900EDF89C /* Build configuration list for PBXNativeTarget "UptifyTests" */ = {
			isa = XCConfigurationList;
			buildConfigurations = (
				F6EE6A19277CD8C900EDF89C /* Debug */,
				F6EE6A1A277CD8C900EDF89C /* Release */,
			);
			defaultConfigurationIsVisible = 0;
			defaultConfigurationName = Release;
		};
		F6EE6A1B277CD8C900EDF89C /* Build configuration list for PBXNativeTarget "UptifyUITests" */ = {
			isa = XCConfigurationList;
			buildConfigurations = (
				F6EE6A1C277CD8C900EDF89C /* Debug */,
				F6EE6A1D277CD8C900EDF89C /* Release */,
			);
			defaultConfigurationIsVisible = 0;
			defaultConfigurationName = Release;
		};
/* End XCConfigurationList section */
	};
	rootObject = F6EE69E3277CD8C700EDF89C /* Project object */;
}
